
Microsoft Visual Studio Solution File, Format Version 12.00
# Visual Studio Version 17
VisualStudioVersion = 17.2.32616.157
MinimumVisualStudioVersion = 10.0.40219.1
Project("{9A19103F-16F7-4668-BE54-9A1E7A4F7556}") = "MQTTBroker", "MQTTBroker\MQTTBroker.csproj", "{5782C267-835D-4B3F-A373-7B87089DC9E4}"
EndProject
Project("{9A19103F-16F7-4668-BE54-9A1E7A4F7556}") = "MQTTPublisher", "MQTTPublisher\MQTTPublisher.csproj", "{9200E7F7-28A3-44C7-9FD6-9D03613DE6BD}"
EndProject
Project("{FAE04EC0-301F-11D3-BF4B-00C04F79EFBC}") = "MQTTSubscriber", "MQTTSubscriber\MQTTSubscriber.csproj", "{2735D5E1-554F-48DC-BC0F-D2CC93F1AA73}"
EndProject
Global
	GlobalSection(SolutionConfigurationPlatforms) = preSolution
		Debug|Any CPU = Debug|Any CPU
		Release|Any CPU = Release|Any CPU
	EndGlobalSection
	GlobalSection(ProjectConfigurationPlatforms) = postSolution
		{5782C267-835D-4B3F-A373-7B87089DC9E4}.Debug|Any CPU.ActiveCfg = Debug|Any CPU
		{5782C267-835D-4B3F-A373-7B87089DC9E4}.Debug|Any CPU.Build.0 = Debug|Any CPU
		{5782C267-835D-4B3F-A373-7B87089DC9E4}.Release|Any CPU.ActiveCfg = Release|Any CPU
		{5782C267-835D-4B3F-A373-7B87089DC9E4}.Release|Any CPU.Build.0 = Release|Any CPU
		{9200E7F7-28A3-44C7-9FD6-9D03613DE6BD}.Debug|Any CPU.ActiveCfg = Debug|Any CPU
		{9200E7F7-28A3-44C7-9FD6-9D03613DE6BD}.Debug|Any CPU.Build.0 = Debug|Any CPU
		{9200E7F7-28A3-44C7-9FD6-9D03613DE6BD}.Release|Any CPU.ActiveCfg = Release|Any CPU
		{9200E7F7-28A3-44C7-9FD6-9D03613DE6BD}.Release|Any CPU.Build.0 = Release|Any CPU
		{2735D5E1-554F-48DC-BC0F-D2CC93F1AA73}.Debug|Any CPU.ActiveCfg = Debug|Any CPU
		{2735D5E1-554F-48DC-BC0F-D2CC93F1AA73}.Debug|Any CPU.Build.0 = Debug|Any CPU
		{2735D5E1-554F-48DC-BC0F-D2CC93F1AA73}.Release|Any CPU.ActiveCfg = Release|Any CPU
		{2735D5E1-554F-48DC-BC0F-D2CC93F1AA73}.Release|Any CPU.Build.0 = Release|Any CPU
	EndGlobalSection
	GlobalSection(SolutionProperties) = preSolution
		HideSolutionNode = FALSE
	EndGlobalSection
	GlobalSection(ExtensibilityGlobals) = postSolution
		SolutionGuid = {01073E6B-0D4B-4159-B861-1DDB913897C2}
	EndGlobalSection
EndGlobal
